// !$*UTF8*$!
{
	archiveVersion = 1;
	classes = {
	};
	objectVersion = 50;
	objects = {

/* Begin PBXBuildFile section */
		955DDBD126AF85EC005F176B /* AssistorApp.swift in Sources */ = {isa = PBXBuildFile; fileRef = 955DDBD026AF85EC005F176B /* AssistorApp.swift */; };
		955DDBD326AF85EC005F176B /* ContentView.swift in Sources */ = {isa = PBXBuildFile; fileRef = 955DDBD226AF85EC005F176B /* ContentView.swift */; };
		955DDBD526AF85EF005F176B /* Assets.xcassets in Resources */ = {isa = PBXBuildFile; fileRef = 955DDBD426AF85EF005F176B /* Assets.xcassets */; };
		955DDBD826AF85EF005F176B /* Preview Assets.xcassets in Resources */ = {isa = PBXBuildFile; fileRef = 955DDBD726AF85EF005F176B /* Preview Assets.xcassets */; };
		955DDBE226B0C08A005F176B /* MenuView.swift in Sources */ = {isa = PBXBuildFile; fileRef = 955DDBE126B0C08A005F176B /* MenuView.swift */; };
/* End PBXBuildFile section */

/* Begin PBXFileReference section */
		955DDBCD26AF85EC005F176B /* Assistor.app */ = {isa = PBXFileReference; explicitFileType = wrapper.application; includeInIndex = 0; path = Assistor.app; sourceTree = BUILT_PRODUCTS_DIR; };
		955DDBD026AF85EC005F176B /* AssistorApp.swift */ = {isa = PBXFileReference; lastKnownFileType = sourcecode.swift; path = AssistorApp.swift; sourceTree = "<group>"; };
		955DDBD226AF85EC005F176B /* ContentView.swift */ = {isa = PBXFileReference; lastKnownFileType = sourcecode.swift; path = ContentView.swift; sourceTree = "<group>"; };
		955DDBD426AF85EF005F176B /* Assets.xcassets */ = {isa = PBXFileReference; lastKnownFileType = folder.assetcatalog; path = Assets.xcassets; sourceTree = "<group>"; };
		955DDBD726AF85EF005F176B /* Preview Assets.xcassets */ = {isa = PBXFileReference; lastKnownFileType = folder.assetcatalog; path = "Preview Assets.xcassets"; sourceTree = "<group>"; };
		955DDBD926AF85EF005F176B /* Info.plist */ = {isa = PBXFileReference; lastKnownFileType = text.plist.xml; path = Info.plist; sourceTree = "<group>"; };
		955DDBDA26AF85EF005F176B /* Assistor.entitlements */ = {isa = PBXFileReference; lastKnownFileType = text.plist.entitlements; path = Assistor.entitlements; sourceTree = "<group>"; };
		955DDBE126B0C08A005F176B /* MenuView.swift */ = {isa = PBXFileReference; lastKnownFileType = sourcecode.swift; path = MenuView.swift; sourceTree = "<group>"; };
/* End PBXFileReference section */

/* Begin PBXFrameworksBuildPhase section */
		955DDBCA26AF85EC005F176B /* Frameworks */ = {
			isa = PBXFrameworksBuildPhase;
			buildActionMask = 2147483647;
			files = (
			);
			runOnlyForDeploymentPostprocessing = 0;
		};
/* End PBXFrameworksBuildPhase section */

/* Begin PBXGroup section */
		955DDBC426AF85EC005F176B = {
			isa = PBXGroup;
			children = (
				955DDBCF26AF85EC005F176B /* Assistor */,
				955DDBCE26AF85EC005F176B /* Products */,
			);
			sourceTree = "<group>";
		};
		955DDBCE26AF85EC005F176B /* Products */ = {
			isa = PBXGroup;
			children = (
				955DDBCD26AF85EC005F176B /* Assistor.app */,
			);
			name = Products;
			sourceTree = "<group>";
		};
		955DDBCF26AF85EC005F176B /* Assistor */ = {
			isa = PBXGroup;
			children = (
				955DDBE026B0C076005F176B /* Menu */,
				955DDBD026AF85EC005F176B /* AssistorApp.swift */,
				955DDBD226AF85EC005F176B /* ContentView.swift */,
				955DDBD426AF85EF005F176B /* Assets.xcassets */,
				955DDBD926AF85EF005F176B /* Info.plist */,
				955DDBDA26AF85EF005F176B /* Assistor.entitlements */,
				955DDBD626AF85EF005F176B /* Preview Content */,
			);
			path = Assistor;
			sourceTree = "<group>";
		};
		955DDBD626AF85EF005F176B /* Preview Content */ = {
			isa = PBXGroup;
			children = (
				955DDBD726AF85EF005F176B /* Preview Assets.xcassets */,
			);
			path = "Preview Content";
			sourceTree = "<group>";
		};
		955DDBE026B0C076005F176B /* Menu */ = {
			isa = PBXGroup;
			children = (
				955DDBE126B0C08A005F176B /* MenuView.swift */,
			);
			path = Menu;
			sourceTree = "<group>";
		};
/* End PBXGroup section */

/* Begin PBXNativeTarget section */
		955DDBCC26AF85EC005F176B /* Assistor */ = {
			isa = PBXNativeTarget;
			buildConfigurationList = 955DDBDD26AF85EF005F176B /* Build configuration list for PBXNativeTarget "Assistor" */;
			buildPhases = (
				955DDBC926AF85EC005F176B /* Sources */,
				955DDBCA26AF85EC005F176B /* Frameworks */,
				955DDBCB26AF85EC005F176B /* Resources */,
			);
			buildRules = (
			);
			dependencies = (
			);
			name = Assistor;
			productName = Assistor;
			productReference = 955DDBCD26AF85EC005F176B /* Assistor.app */;
			productType = "com.apple.product-type.application";
		};
/* End PBXNativeTarget section */

/* Begin PBXProject section */
		955DDBC526AF85EC005F176B /* Project object */ = {
			isa = PBXProject;
			attributes = {
				LastSwiftUpdateCheck = 1250;
				LastUpgradeCheck = 1250;
				TargetAttributes = {
					955DDBCC26AF85EC005F176B = {
						CreatedOnToolsVersion = 12.5;
					};
				};
			};
			buildConfigurationList = 955DDBC826AF85EC005F176B /* Build configuration list for PBXProject "Assistor" */;
			compatibilityVersion = "Xcode 9.3";
			developmentRegion = en;
			hasScannedForEncodings = 0;
			knownRegions = (
				en,
				Base,
			);
			mainGroup = 955DDBC426AF85EC005F176B;
			productRefGroup = 955DDBCE26AF85EC005F176B /* Products */;
			projectDirPath = "";
			projectRoot = "";
			targets = (
				955DDBCC26AF85EC005F176B /* Assistor */,
			);
		};
/* End PBXProject section */

/* Begin PBXResourcesBuildPhase section */
		955DDBCB26AF85EC005F176B /* Resources */ = {
			isa = PBXResourcesBuildPhase;
			buildActionMask = 2147483647;
			files = (
				955DDBD826AF85EF005F176B /* Preview Assets.xcassets in Resources */,
				955DDBD526AF85EF005F176B /* Assets.xcassets in Resources */,
			);
			runOnlyForDeploymentPostprocessing = 0;
		};
/* End PBXResourcesBuildPhase section */

/* Begin PBXSourcesBuildPhase section */
		955DDBC926AF85EC005F176B /* Sources */ = {
			isa = PBXSourcesBuildPhase;
			buildActionMask = 2147483647;
			files = (
				955DDBD326AF85EC005F176B /* ContentView.swift in Sources */,
				955DDBE226B0C08A005F176B /* MenuView.swift in Sources */,
				955DDBD126AF85EC005F176B /* AssistorApp.swift in Sources */,
			);
			runOnlyForDeploymentPostprocessing = 0;
		};
/* End PBXSourcesBuildPhase section */

/* Begin XCBuildConfiguration section */
		955DDBDB26AF85EF005F176B /* Debug */ = {
			isa = XCBuildConfiguration;
			buildSettings = {
				ALWAYS_SEARCH_USER_PATHS = NO;
				CLANG_ANALYZER_NONNULL = YES;
				CLANG_ANALYZER_NUMBER_OBJECT_CONVERSION = YES_AGGRESSIVE;
				CLANG_CXX_LANGUAGE_STANDARD = "gnu++14";
				CLANG_CXX_LIBRARY = "libc++";
				CLANG_ENABLE_MODULES = YES;
				CLANG_ENABLE_OBJC_ARC = YES;
				CLANG_ENABLE_OBJC_WEAK = YES;
				CLANG_WARN_BLOCK_CAPTURE_AUTORELEASING = YES;
				CLANG_WARN_BOOL_CONVERSION = YES;
				CLANG_WARN_COMMA = YES;
				CLANG_WARN_CONSTANT_CONVERSION = YES;
				CLANG_WARN_DEPRECATED_OBJC_IMPLEMENTATIONS = YES;
				CLANG_WARN_DIRECT_OBJC_ISA_USAGE = YES_ERROR;
				CLANG_WARN_DOCUMENTATION_COMMENTS = YES;
				CLANG_WARN_EMPTY_BODY = YES;
				CLANG_WARN_ENUM_CONVERSION = YES;
				CLANG_WARN_INFINITE_RECURSION = YES;
				CLANG_WARN_INT_CONVERSION = YES;
				CLANG_WARN_NON_LITERAL_NULL_CONVERSION = YES;
				CLANG_WARN_OBJC_IMPLICIT_RETAIN_SELF = YES;
				CLANG_WARN_OBJC_LITERAL_CONVERSION = YES;
				CLANG_WARN_OBJC_ROOT_CLASS = YES_ERROR;
				CLANG_WARN_QUOTED_INCLUDE_IN_FRAMEWORK_HEADER = YES;
				CLANG_WARN_RANGE_LOOP_ANALYSIS = YES;
				CLANG_WARN_STRICT_PROTOTYPES = YES;
				CLANG_WARN_SUSPICIOUS_MOVE = YES;
				CLANG_WARN_UNGUARDED_AVAILABILITY = YES_AGGRESSIVE;
				CLANG_WARN_UNREACHABLE_CODE = YES;
				CLANG_WARN__DUPLICATE_METHOD_MATCH = YES;
				COPY_PHASE_STRIP = NO;
				DEBUG_INFORMATION_FORMAT = dwarf;
				ENABLE_STRICT_OBJC_MSGSEND = YES;
				ENABLE_TESTABILITY = YES;
				GCC_C_LANGUAGE_STANDARD = gnu11;
				GCC_DYNAMIC_NO_PIC = NO;
				GCC_NO_COMMON_BLOCKS = YES;
				GCC_OPTIMIZATION_LEVEL = 0;
				GCC_PREPROCESSOR_DEFINITIONS = (
					"DEBUG=1",
					"$(inherited)",
				);
				GCC_WARN_64_TO_32_BIT_CONVERSION = YES;
				GCC_WARN_ABOUT_RETURN_TYPE = YES_ERROR;
				GCC_WARN_UNDECLARED_SELECTOR = YES;
				GCC_WARN_UNINITIALIZED_AUTOS = YES_AGGRESSIVE;
				GCC_WARN_UNUSED_FUNCTION = YES;
				GCC_WARN_UNUSED_VARIABLE = YES;
				MACOSX_DEPLOYMENT_TARGET = 10.15;
				MTL_ENABLE_DEBUG_INFO = INCLUDE_SOURCE;
				MTL_FAST_MATH = YES;
				ONLY_ACTIVE_ARCH = YES;
				SDKROOT = macosx;
				SWIFT_ACTIVE_COMPILATION_CONDITIONS = DEBUG;
				SWIFT_OPTIMIZATION_LEVEL = "-Onone";
			};
			name = Debug;
		};
		955DDBDC26AF85EF005F176B /* Release */ = {
			isa = XCBuildConfiguration;
			buildSettings = {
				ALWAYS_SEARCH_USER_PATHS = NO;
				CLANG_ANALYZER_NONNULL = YES;
				CLANG_ANALYZER_NUMBER_OBJECT_CONVERSION = YES_AGGRESSIVE;
				CLANG_CXX_LANGUAGE_STANDARD = "gnu++14";
				CLANG_CXX_LIBRARY = "libc++";
				CLANG_ENABLE_MODULES = YES;
				CLANG_ENABLE_OBJC_ARC = YES;
				CLANG_ENABLE_OBJC_WEAK = YES;
				CLANG_WARN_BLOCK_CAPTURE_AUTORELEASING = YES;
				CLANG_WARN_BOOL_CONVERSION = YES;
				CLANG_WARN_COMMA = YES;
				CLANG_WARN_CONSTANT_CONVERSION = YES;
				CLANG_WARN_DEPRECATED_OBJC_IMPLEMENTATIONS = YES;
				CLANG_WARN_DIRECT_OBJC_ISA_USAGE = YES_ERROR;
				CLANG_WARN_DOCUMENTATION_COMMENTS = YES;
				CLANG_WARN_EMPTY_BODY = YES;
				CLANG_WARN_ENUM_CONVERSION = YES;
				CLANG_WARN_INFINITE_RECURSION = YES;
				CLANG_WARN_INT_CONVERSION = YES;
				CLANG_WARN_NON_LITERAL_NULL_CONVERSION = YES;
				CLANG_WARN_OBJC_IMPLICIT_RETAIN_SELF = YES;
				CLANG_WARN_OBJC_LITERAL_CONVERSION = YES;
				CLANG_WARN_OBJC_ROOT_CLASS = YES_ERROR;
				CLANG_WARN_QUOTED_INCLUDE_IN_FRAMEWORK_HEADER = YES;
				CLANG_WARN_RANGE_LOOP_ANALYSIS = YES;
				CLANG_WARN_STRICT_PROTOTYPES = YES;
				CLANG_WARN_SUSPICIOUS_MOVE = YES;
				CLANG_WARN_UNGUARDED_AVAILABILITY = YES_AGGRESSIVE;
				CLANG_WARN_UNREACHABLE_CODE = YES;
				CLANG_WARN__DUPLICATE_METHOD_MATCH = YES;
				COPY_PHASE_STRIP = NO;
				DEBUG_INFORMATION_FORMAT = "dwarf-with-dsym";
				ENABLE_NS_ASSERTIONS = NO;
				ENABLE_STRICT_OBJC_MSGSEND = YES;
				GCC_C_LANGUAGE_STANDARD = gnu11;
				GCC_NO_COMMON_BLOCKS = YES;
				GCC_WARN_64_TO_32_BIT_CONVERSION = YES;
				GCC_WARN_ABOUT_RETURN_TYPE = YES_ERROR;
				GCC_WARN_UNDECLARED_SELECTOR = YES;
				GCC_WARN_UNINITIALIZED_AUTOS = YES_AGGRESSIVE;
				GCC_WARN_UNUSED_FUNCTION = YES;
				GCC_WARN_UNUSED_VARIABLE = YES;
				MACOSX_DEPLOYMENT_TARGET = 10.15;
				MTL_ENABLE_DEBUG_INFO = NO;
				MTL_FAST_MATH = YES;
				SDKROOT = macosx;
				SWIFT_COMPILATION_MODE = wholemodule;
				SWIFT_OPTIMIZATION_LEVEL = "-O";
			};
			name = Release;
		};
		955DDBDE26AF85EF005F176B /* Debug */ = {
			isa = XCBuildConfiguration;
			buildSettings = {
				ASSETCATALOG_COMPILER_APPICON_NAME = AppIcon;
				ASSETCATALOG_COMPILER_GLOBAL_ACCENT_COLOR_NAME = AccentColor;
				CODE_SIGN_ENTITLEMENTS = Assistor/Assistor.entitlements;
				CODE_SIGN_STYLE = Automatic;
				COMBINE_HIDPI_IMAGES = YES;
				DEVELOPMENT_ASSET_PATHS = "\"Assistor/Preview Content\"";
				ENABLE_PREVIEWS = YES;
				INFOPLIST_FILE = Assistor/Info.plist;
				LD_RUNPATH_SEARCH_PATHS = (
					"$(inherited)",
					"@executable_path/../Frameworks",
				);
				MACOSX_DEPLOYMENT_TARGET = 11.0;
				PRODUCT_BUNDLE_IDENTIFIER = com.cactus.Assistor;
				PRODUCT_NAME = "$(TARGET_NAME)";
				SWIFT_VERSION = 5.0;
			};
			name = Debug;
		};
		955DDBDF26AF85EF005F176B /* Release */ = {
			isa = XCBuildConfiguration;
			buildSettings = {
				ASSETCATALOG_COMPILER_APPICON_NAME = AppIcon;
				ASSETCATALOG_COMPILER_GLOBAL_ACCENT_COLOR_NAME = AccentColor;
				CODE_SIGN_ENTITLEMENTS = Assistor/Assistor.entitlements;
				CODE_SIGN_STYLE = Automatic;
				COMBINE_HIDPI_IMAGES = YES;
				DEVELOPMENT_ASSET_PATHS = "\"Assistor/Preview Content\"";
				ENABLE_PREVIEWS = YES;
				INFOPLIST_FILE = Assistor/Info.plist;
				LD_RUNPATH_SEARCH_PATHS = (
					"$(inherited)",
					"@executable_path/../Frameworks",
				);
				MACOSX_DEPLOYMENT_TARGET = 11.0;
				PRODUCT_BUNDLE_IDENTIFIER = com.cactus.Assistor;
				PRODUCT_NAME = "$(TARGET_NAME)";
				SWIFT_VERSION = 5.0;
			};
			name = Release;
		};
/* End XCBuildConfiguration section */

/* Begin XCConfigurationList section */
		955DDBC826AF85EC005F176B /* Build configuration list for PBXProject "Assistor" */ = {
			isa = XCConfigurationList;
			buildConfigurations = (
				955DDBDB26AF85EF005F176B /* Debug */,
				955DDBDC26AF85EF005F176B /* Release */,
			);
			defaultConfigurationIsVisible = 0;
			defaultConfigurationName = Release;
		};
		955DDBDD26AF85EF005F176B /* Build configuration list for PBXNativeTarget "Assistor" */ = {
			isa = XCConfigurationList;
			buildConfigurations = (
				955DDBDE26AF85EF005F176B /* Debug */,
				955DDBDF26AF85EF005F176B /* Release */,
			);
			defaultConfigurationIsVisible = 0;
			defaultConfigurationName = Release;
		};
/* End XCConfigurationList section */
	};
	rootObject = 955DDBC526AF85EC005F176B /* Project object */;
}
